
Microsoft Visual Studio Solution File, Format Version 12.00
# Visual Studio Version 17
VisualStudioVersion = 17.8.34330.188
MinimumVisualStudioVersion = 10.0.40219.1
Project("{FAE04EC0-301F-11D3-BF4B-00C04F79EFBC}") = "SchoolLibrary", "SchoolLibrary.csproj", "{0DC73D76-60A3-4ADD-8D5E-E6C1D0D195A6}"
EndProject
Global
	GlobalSection(SolutionConfigurationPlatforms) = preSolution
		Debug|Any CPU = Debug|Any CPU
		Release|Any CPU = Release|Any CPU
	EndGlobalSection
	GlobalSection(ProjectConfigurationPlatforms) = postSolution
		{0DC73D76-60A3-4ADD-8D5E-E6C1D0D195A6}.Debug|Any CPU.ActiveCfg = Debug|Any CPU
		{0DC73D76-60A3-4ADD-8D5E-E6C1D0D195A6}.Debug|Any CPU.Build.0 = Debug|Any CPU
		{0DC73D76-60A3-4ADD-8D5E-E6C1D0D195A6}.Release|Any CPU.ActiveCfg = Release|Any CPU
		{0DC73D76-60A3-4ADD-8D5E-E6C1D0D195A6}.Release|Any CPU.Build.0 = Release|Any CPU
	EndGlobalSection
	GlobalSection(SolutionProperties) = preSolution
		HideSolutionNode = FALSE
	EndGlobalSection
	GlobalSection(ExtensibilityGlobals) = postSolution
		SolutionGuid = {77DF2532-2135-4EFC-8F88-927A25EF8419}
	EndGlobalSection
EndGlobal
